
Microsoft Visual Studio Solution File, Format Version 12.00
# Visual Studio Version 17
VisualStudioVersion = 17.5.002.0
MinimumVisualStudioVersion = 10.0.40219.1
Project("{9A19103F-16F7-4668-BE54-9A1E7A4F7556}") = "TravkingApplicationAPI", "TravkingApplicationAPI.csproj", "{45139FB8-2DA3-4EE9-BFD3-50753C0AB6F1}"
EndProject
Global
	GlobalSection(SolutionConfigurationPlatforms) = preSolution
		Debug|Any CPU = Debug|Any CPU
		Release|Any CPU = Release|Any CPU
	EndGlobalSection
	GlobalSection(ProjectConfigurationPlatforms) = postSolution
		{45139FB8-2DA3-4EE9-BFD3-50753C0AB6F1}.Debug|Any CPU.ActiveCfg = Debug|Any CPU
		{45139FB8-2DA3-4EE9-BFD3-50753C0AB6F1}.Debug|Any CPU.Build.0 = Debug|Any CPU
		{45139FB8-2DA3-4EE9-BFD3-50753C0AB6F1}.Release|Any CPU.ActiveCfg = Release|Any CPU
		{45139FB8-2DA3-4EE9-BFD3-50753C0AB6F1}.Release|Any CPU.Build.0 = Release|Any CPU
	EndGlobalSection
	GlobalSection(SolutionProperties) = preSolution
		HideSolutionNode = FALSE
	EndGlobalSection
	GlobalSection(ExtensibilityGlobals) = postSolution
		SolutionGuid = {F8F938E8-6F5A-4479-8974-1D67B53C3225}
	EndGlobalSection
EndGlobal
